
Microsoft Visual Studio Solution File, Format Version 12.00
# Visual Studio 15
VisualStudioVersion = 15.0.28010.2016
MinimumVisualStudioVersion = 10.0.40219.1
Project("{FAE04EC0-301F-11D3-BF4B-00C04F79EFBC}") = "program", "program\program.csproj", "{B813105B-56EB-4C76-9AC5-69D9B875D603}"
EndProject
Global
	GlobalSection(SolutionConfigurationPlatforms) = preSolution
		Debug|Any CPU = Debug|Any CPU
		Release|Any CPU = Release|Any CPU
	EndGlobalSection
	GlobalSection(ProjectConfigurationPlatforms) = postSolution
		{B813105B-56EB-4C76-9AC5-69D9B875D603}.Debug|Any CPU.ActiveCfg = Debug|Any CPU
		{B813105B-56EB-4C76-9AC5-69D9B875D603}.Debug|Any CPU.Build.0 = Debug|Any CPU
		{B813105B-56EB-4C76-9AC5-69D9B875D603}.Release|Any CPU.ActiveCfg = Release|Any CPU
		{B813105B-56EB-4C76-9AC5-69D9B875D603}.Release|Any CPU.Build.0 = Release|Any CPU
	EndGlobalSection
	GlobalSection(SolutionProperties) = preSolution
		HideSolutionNode = FALSE
	EndGlobalSection
	GlobalSection(ExtensibilityGlobals) = postSolution
		SolutionGuid = {F0AA3278-D076-4233-83EE-AA8F4549F165}
	EndGlobalSection
EndGlobal
